
Microsoft Visual Studio Solution File, Format Version 12.00
# Visual Studio Version 17
VisualStudioVersion = 17.7.34031.279
MinimumVisualStudioVersion = 10.0.40219.1
Project("{FAE04EC0-301F-11D3-BF4B-00C04F79EFBC}") = "ListForMivnei", "ListForMivnei\ListForMivnei.csproj", "{11450DD3-3CCA-40FE-81C7-8ED32C1EE110}"
EndProject
Project("{FAE04EC0-301F-11D3-BF4B-00C04F79EFBC}") = "ListOfObjects", "ListOfObjects\ListOfObjects.csproj", "{172A663D-EB3C-4793-903E-37C2B365E2E6}"
EndProject
Global
	GlobalSection(SolutionConfigurationPlatforms) = preSolution
		Debug|Any CPU = Debug|Any CPU
		Release|Any CPU = Release|Any CPU
	EndGlobalSection
	GlobalSection(ProjectConfigurationPlatforms) = postSolution
		{11450DD3-3CCA-40FE-81C7-8ED32C1EE110}.Debug|Any CPU.ActiveCfg = Debug|Any CPU
		{11450DD3-3CCA-40FE-81C7-8ED32C1EE110}.Debug|Any CPU.Build.0 = Debug|Any CPU
		{11450DD3-3CCA-40FE-81C7-8ED32C1EE110}.Release|Any CPU.ActiveCfg = Release|Any CPU
		{11450DD3-3CCA-40FE-81C7-8ED32C1EE110}.Release|Any CPU.Build.0 = Release|Any CPU
		{172A663D-EB3C-4793-903E-37C2B365E2E6}.Debug|Any CPU.ActiveCfg = Debug|Any CPU
		{172A663D-EB3C-4793-903E-37C2B365E2E6}.Debug|Any CPU.Build.0 = Debug|Any CPU
		{172A663D-EB3C-4793-903E-37C2B365E2E6}.Release|Any CPU.ActiveCfg = Release|Any CPU
		{172A663D-EB3C-4793-903E-37C2B365E2E6}.Release|Any CPU.Build.0 = Release|Any CPU
	EndGlobalSection
	GlobalSection(SolutionProperties) = preSolution
		HideSolutionNode = FALSE
	EndGlobalSection
	GlobalSection(ExtensibilityGlobals) = postSolution
		SolutionGuid = {808340C1-FA55-4BB0-AADD-3C6C850FCA4E}
	EndGlobalSection
EndGlobal
